# This file is automatically @generated by Poetry 1.4.2 and should not be changed by hand.

[[package]]
name = "chardet"
version = "5.1.0"
description = "Universal encoding detector for Python 3"
category = "main"
optional = false
python-versions = ">=3.7"
files = [
    {file = "chardet-5.1.0-py3-none-any.whl", hash = "sha256:362777fb014af596ad31334fde1e8c327dfdb076e1960d1694662d46a6917ab9"},
    {file = "chardet-5.1.0.tar.gz", hash = "sha256:0d62712b956bc154f85fb0a266e2a3c5913c2967e00348701b32411d6def31e5"},
]

[[package]]
name = "python-debian"
version = "0.1.49"
description = "Debian package related modules"
category = "main"
optional = false
python-versions = ">=3.5"
files = [
    {file = "python-debian-0.1.49.tar.gz", hash = "sha256:8cf677a30dbcb4be7a99536c17e11308a827a4d22028dc59a67f6c6dd3f0f58c"},
    {file = "python_debian-0.1.49-py3-none-any.whl", hash = "sha256:880f3bc52e31599f2a9b432bd7691844286825087fccdcf2f6ffd5cd79a26f9f"},
]

[package.dependencies]
chardet = "*"

[metadata]
lock-version = "2.0"
python-versions = "^3.10"
content-hash = "6bd8efd265c10ee73c7b791719479d00b7f7a3a1aef5f79cef90a954b95f19c4"
